
Microsoft Visual Studio Solution File, Format Version 12.00
# Visual Studio Version 17
VisualStudioVersion = 17.0.32112.339
MinimumVisualStudioVersion = 10.0.40219.1
Project("{FAE04EC0-301F-11D3-BF4B-00C04F79EFBC}") = "WebApiMOngoDb", "WebApiMOngoDb\WebApiMOngoDb.csproj", "{EF187145-DC4B-403D-9458-C0B23DF7E2FA}"
EndProject
Global
	GlobalSection(SolutionConfigurationPlatforms) = preSolution
		Debug|Any CPU = Debug|Any CPU
		Release|Any CPU = Release|Any CPU
	EndGlobalSection
	GlobalSection(ProjectConfigurationPlatforms) = postSolution
		{EF187145-DC4B-403D-9458-C0B23DF7E2FA}.Debug|Any CPU.ActiveCfg = Debug|Any CPU
		{EF187145-DC4B-403D-9458-C0B23DF7E2FA}.Debug|Any CPU.Build.0 = Debug|Any CPU
		{EF187145-DC4B-403D-9458-C0B23DF7E2FA}.Release|Any CPU.ActiveCfg = Release|Any CPU
		{EF187145-DC4B-403D-9458-C0B23DF7E2FA}.Release|Any CPU.Build.0 = Release|Any CPU
	EndGlobalSection
	GlobalSection(SolutionProperties) = preSolution
		HideSolutionNode = FALSE
	EndGlobalSection
	GlobalSection(ExtensibilityGlobals) = postSolution
		SolutionGuid = {7A0633A8-5787-4B3B-8C2A-179A08266952}
	EndGlobalSection
EndGlobal
